// !$*UTF8*$!
{
	archiveVersion = 1;
	classes = {
	};
	objectVersion = 56;
	objects = {

/* Begin PBXBuildFile section */
		0C3C99AE2AC469B900B92C64 /* DetailsViewController.swift in Sources */ = {isa = PBXBuildFile; fileRef = 0C3C99AD2AC469B900B92C64 /* DetailsViewController.swift */; };
		0CD089422A3CC0BC0089A977 /* AppDelegate.swift in Sources */ = {isa = PBXBuildFile; fileRef = 0CD089412A3CC0BC0089A977 /* AppDelegate.swift */; };
		0CD089442A3CC0BC0089A977 /* SceneDelegate.swift in Sources */ = {isa = PBXBuildFile; fileRef = 0CD089432A3CC0BC0089A977 /* SceneDelegate.swift */; };
		0CD089462A3CC0BC0089A977 /* ViewController.swift in Sources */ = {isa = PBXBuildFile; fileRef = 0CD089452A3CC0BC0089A977 /* ViewController.swift */; };
		0CD089492A3CC0BC0089A977 /* Main.storyboard in Resources */ = {isa = PBXBuildFile; fileRef = 0CD089472A3CC0BC0089A977 /* Main.storyboard */; };
		0CD0894B2A3CC0BE0089A977 /* Assets.xcassets in Resources */ = {isa = PBXBuildFile; fileRef = 0CD0894A2A3CC0BE0089A977 /* Assets.xcassets */; };
		0CD0894E2A3CC0BE0089A977 /* LaunchScreen.storyboard in Resources */ = {isa = PBXBuildFile; fileRef = 0CD0894C2A3CC0BE0089A977 /* LaunchScreen.storyboard */; };
/* End PBXBuildFile section */

/* Begin PBXFileReference section */
		0C3C99AD2AC469B900B92C64 /* DetailsViewController.swift */ = {isa = PBXFileReference; lastKnownFileType = sourcecode.swift; path = DetailsViewController.swift; sourceTree = "<group>"; };
		0CD0893E2A3CC0BC0089A977 /* LandmarkBook.app */ = {isa = PBXFileReference; explicitFileType = wrapper.application; includeInIndex = 0; path = LandmarkBook.app; sourceTree = BUILT_PRODUCTS_DIR; };
		0CD089412A3CC0BC0089A977 /* AppDelegate.swift */ = {isa = PBXFileReference; lastKnownFileType = sourcecode.swift; path = AppDelegate.swift; sourceTree = "<group>"; };
		0CD089432A3CC0BC0089A977 /* SceneDelegate.swift */ = {isa = PBXFileReference; lastKnownFileType = sourcecode.swift; path = SceneDelegate.swift; sourceTree = "<group>"; };
		0CD089452A3CC0BC0089A977 /* ViewController.swift */ = {isa = PBXFileReference; lastKnownFileType = sourcecode.swift; path = ViewController.swift; sourceTree = "<group>"; };
		0CD089482A3CC0BC0089A977 /* Base */ = {isa = PBXFileReference; lastKnownFileType = file.storyboard; name = Base; path = Base.lproj/Main.storyboard; sourceTree = "<group>"; };
		0CD0894A2A3CC0BE0089A977 /* Assets.xcassets */ = {isa = PBXFileReference; lastKnownFileType = folder.assetcatalog; path = Assets.xcassets; sourceTree = "<group>"; };
		0CD0894D2A3CC0BE0089A977 /* Base */ = {isa = PBXFileReference; lastKnownFileType = file.storyboard; name = Base; path = Base.lproj/LaunchScreen.storyboard; sourceTree = "<group>"; };
		0CD0894F2A3CC0BE0089A977 /* Info.plist */ = {isa = PBXFileReference; lastKnownFileType = text.plist.xml; path = Info.plist; sourceTree = "<group>"; };
/* End PBXFileReference section */

/* Begin PBXFrameworksBuildPhase section */
		0CD0893B2A3CC0BC0089A977 /* Frameworks */ = {
			isa = PBXFrameworksBuildPhase;
			buildActionMask = 2147483647;
			files = (
			);
			runOnlyForDeploymentPostprocessing = 0;
		};
/* End PBXFrameworksBuildPhase section */

/* Begin PBXGroup section */
		0CD089352A3CC0BC0089A977 = {
			isa = PBXGroup;
			children = (
				0CD089402A3CC0BC0089A977 /* LandmarkBook */,
				0CD0893F2A3CC0BC0089A977 /* Products */,
			);
			sourceTree = "<group>";
		};
		0CD0893F2A3CC0BC0089A977 /* Products */ = {
			isa = PBXGroup;
			children = (
				0CD0893E2A3CC0BC0089A977 /* LandmarkBook.app */,
			);
			name = Products;
			sourceTree = "<group>";
		};
		0CD089402A3CC0BC0089A977 /* LandmarkBook */ = {
			isa = PBXGroup;
			children = (
				0CD089412A3CC0BC0089A977 /* AppDelegate.swift */,
				0CD089432A3CC0BC0089A977 /* SceneDelegate.swift */,
				0CD089452A3CC0BC0089A977 /* ViewController.swift */,
				0CD089472A3CC0BC0089A977 /* Main.storyboard */,
				0CD0894A2A3CC0BE0089A977 /* Assets.xcassets */,
				0CD0894C2A3CC0BE0089A977 /* LaunchScreen.storyboard */,
				0CD0894F2A3CC0BE0089A977 /* Info.plist */,
				0C3C99AD2AC469B900B92C64 /* DetailsViewController.swift */,
			);
			path = LandmarkBook;
			sourceTree = "<group>";
		};
/* End PBXGroup section */

/* Begin PBXNativeTarget section */
		0CD0893D2A3CC0BC0089A977 /* LandmarkBook */ = {
			isa = PBXNativeTarget;
			buildConfigurationList = 0CD089522A3CC0BE0089A977 /* Build configuration list for PBXNativeTarget "LandmarkBook" */;
			buildPhases = (
				0CD0893A2A3CC0BC0089A977 /* Sources */,
				0CD0893B2A3CC0BC0089A977 /* Frameworks */,
				0CD0893C2A3CC0BC0089A977 /* Resources */,
			);
			buildRules = (
			);
			dependencies = (
			);
			name = LandmarkBook;
			productName = LandmarkBook;
			productReference = 0CD0893E2A3CC0BC0089A977 /* LandmarkBook.app */;
			productType = "com.apple.product-type.application";
		};
/* End PBXNativeTarget section */

/* Begin PBXProject section */
		0CD089362A3CC0BC0089A977 /* Project object */ = {
			isa = PBXProject;
			attributes = {
				BuildIndependentTargetsInParallel = 1;
				LastSwiftUpdateCheck = 1400;
				LastUpgradeCheck = 1400;
				TargetAttributes = {
					0CD0893D2A3CC0BC0089A977 = {
						CreatedOnToolsVersion = 14.0;
					};
				};
			};
			buildConfigurationList = 0CD089392A3CC0BC0089A977 /* Build configuration list for PBXProject "LandmarkBook" */;
			compatibilityVersion = "Xcode 14.0";
			developmentRegion = en;
			hasScannedForEncodings = 0;
			knownRegions = (
				en,
				Base,
			);
			mainGroup = 0CD089352A3CC0BC0089A977;
			productRefGroup = 0CD0893F2A3CC0BC0089A977 /* Products */;
			projectDirPath = "";
			projectRoot = "";
			targets = (
				0CD0893D2A3CC0BC0089A977 /* LandmarkBook */,
			);
		};
/* End PBXProject section */

/* Begin PBXResourcesBuildPhase section */
		0CD0893C2A3CC0BC0089A977 /* Resources */ = {
			isa = PBXResourcesBuildPhase;
			buildActionMask = 2147483647;
			files = (
				0CD0894E2A3CC0BE0089A977 /* LaunchScreen.storyboard in Resources */,
				0CD0894B2A3CC0BE0089A977 /* Assets.xcassets in Resources */,
				0CD089492A3CC0BC0089A977 /* Main.storyboard in Resources */,
			);
			runOnlyForDeploymentPostprocessing = 0;
		};
/* End PBXResourcesBuildPhase section */

/* Begin PBXSourcesBuildPhase section */
		0CD0893A2A3CC0BC0089A977 /* Sources */ = {
			isa = PBXSourcesBuildPhase;
			buildActionMask = 2147483647;
			files = (
				0CD089462A3CC0BC0089A977 /* ViewController.swift in Sources */,
				0CD089422A3CC0BC0089A977 /* AppDelegate.swift in Sources */,
				0CD089442A3CC0BC0089A977 /* SceneDelegate.swift in Sources */,
				0C3C99AE2AC469B900B92C64 /* DetailsViewController.swift in Sources */,
			);
			runOnlyForDeploymentPostprocessing = 0;
		};
/* End PBXSourcesBuildPhase section */

/* Begin PBXVariantGroup section */
		0CD089472A3CC0BC0089A977 /* Main.storyboard */ = {
			isa = PBXVariantGroup;
			children = (
				0CD089482A3CC0BC0089A977 /* Base */,
			);
			name = Main.storyboard;
			sourceTree = "<group>";
		};
		0CD0894C2A3CC0BE0089A977 /* LaunchScreen.storyboard */ = {
			isa = PBXVariantGroup;
			children = (
				0CD0894D2A3CC0BE0089A977 /* Base */,
			);
			name = LaunchScreen.storyboard;
			sourceTree = "<group>";
		};
/* End PBXVariantGroup section */

/* Begin XCBuildConfiguration section */
		0CD089502A3CC0BE0089A977 /* Debug */ = {
			isa = XCBuildConfiguration;
			buildSettings = {
				ALWAYS_SEARCH_USER_PATHS = NO;
				CLANG_ANALYZER_NONNULL = YES;
				CLANG_ANALYZER_NUMBER_OBJECT_CONVERSION = YES_AGGRESSIVE;
				CLANG_CXX_LANGUAGE_STANDARD = "gnu++20";
				CLANG_ENABLE_MODULES = YES;
				CLANG_ENABLE_OBJC_ARC = YES;
				CLANG_ENABLE_OBJC_WEAK = YES;
				CLANG_WARN_BLOCK_CAPTURE_AUTORELEASING = YES;
				CLANG_WARN_BOOL_CONVERSION = YES;
				CLANG_WARN_COMMA = YES;
				CLANG_WARN_CONSTANT_CONVERSION = YES;
				CLANG_WARN_DEPRECATED_OBJC_IMPLEMENTATIONS = YES;
				CLANG_WARN_DIRECT_OBJC_ISA_USAGE = YES_ERROR;
				CLANG_WARN_DOCUMENTATION_COMMENTS = YES;
				CLANG_WARN_EMPTY_BODY = YES;
				CLANG_WARN_ENUM_CONVERSION = YES;
				CLANG_WARN_INFINITE_RECURSION = YES;
				CLANG_WARN_INT_CONVERSION = YES;
				CLANG_WARN_NON_LITERAL_NULL_CONVERSION = YES;
				CLANG_WARN_OBJC_IMPLICIT_RETAIN_SELF = YES;
				CLANG_WARN_OBJC_LITERAL_CONVERSION = YES;
				CLANG_WARN_OBJC_ROOT_CLASS = YES_ERROR;
				CLANG_WARN_QUOTED_INCLUDE_IN_FRAMEWORK_HEADER = YES;
				CLANG_WARN_RANGE_LOOP_ANALYSIS = YES;
				CLANG_WARN_STRICT_PROTOTYPES = YES;
				CLANG_WARN_SUSPICIOUS_MOVE = YES;
				CLANG_WARN_UNGUARDED_AVAILABILITY = YES_AGGRESSIVE;
				CLANG_WARN_UNREACHABLE_CODE = YES;
				CLANG_WARN__DUPLICATE_METHOD_MATCH = YES;
				COPY_PHASE_STRIP = NO;
				DEBUG_INFORMATION_FORMAT = dwarf;
				ENABLE_STRICT_OBJC_MSGSEND = YES;
				ENABLE_TESTABILITY = YES;
				GCC_C_LANGUAGE_STANDARD = gnu11;
				GCC_DYNAMIC_NO_PIC = NO;
				GCC_NO_COMMON_BLOCKS = YES;
				GCC_OPTIMIZATION_LEVEL = 0;
				GCC_PREPROCESSOR_DEFINITIONS = (
					"DEBUG=1",
					"$(inherited)",
				);
				GCC_WARN_64_TO_32_BIT_CONVERSION = YES;
				GCC_WARN_ABOUT_RETURN_TYPE = YES_ERROR;
				GCC_WARN_UNDECLARED_SELECTOR = YES;
				GCC_WARN_UNINITIALIZED_AUTOS = YES_AGGRESSIVE;
				GCC_WARN_UNUSED_FUNCTION = YES;
				GCC_WARN_UNUSED_VARIABLE = YES;
				IPHONEOS_DEPLOYMENT_TARGET = 16.0;
				MTL_ENABLE_DEBUG_INFO = INCLUDE_SOURCE;
				MTL_FAST_MATH = YES;
				ONLY_ACTIVE_ARCH = YES;
				SDKROOT = iphoneos;
				SWIFT_ACTIVE_COMPILATION_CONDITIONS = DEBUG;
				SWIFT_OPTIMIZATION_LEVEL = "-Onone";
			};
			name = Debug;
		};
		0CD089512A3CC0BE0089A977 /* Release */ = {
			isa = XCBuildConfiguration;
			buildSettings = {
				ALWAYS_SEARCH_USER_PATHS = NO;
				CLANG_ANALYZER_NONNULL = YES;
				CLANG_ANALYZER_NUMBER_OBJECT_CONVERSION = YES_AGGRESSIVE;
				CLANG_CXX_LANGUAGE_STANDARD = "gnu++20";
				CLANG_ENABLE_MODULES = YES;
				CLANG_ENABLE_OBJC_ARC = YES;
				CLANG_ENABLE_OBJC_WEAK = YES;
				CLANG_WARN_BLOCK_CAPTURE_AUTORELEASING = YES;
				CLANG_WARN_BOOL_CONVERSION = YES;
				CLANG_WARN_COMMA = YES;
				CLANG_WARN_CONSTANT_CONVERSION = YES;
				CLANG_WARN_DEPRECATED_OBJC_IMPLEMENTATIONS = YES;
				CLANG_WARN_DIRECT_OBJC_ISA_USAGE = YES_ERROR;
				CLANG_WARN_DOCUMENTATION_COMMENTS = YES;
				CLANG_WARN_EMPTY_BODY = YES;
				CLANG_WARN_ENUM_CONVERSION = YES;
				CLANG_WARN_INFINITE_RECURSION = YES;
				CLANG_WARN_INT_CONVERSION = YES;
				CLANG_WARN_NON_LITERAL_NULL_CONVERSION = YES;
				CLANG_WARN_OBJC_IMPLICIT_RETAIN_SELF = YES;
				CLANG_WARN_OBJC_LITERAL_CONVERSION = YES;
				CLANG_WARN_OBJC_ROOT_CLASS = YES_ERROR;
				CLANG_WARN_QUOTED_INCLUDE_IN_FRAMEWORK_HEADER = YES;
				CLANG_WARN_RANGE_LOOP_ANALYSIS = YES;
				CLANG_WARN_STRICT_PROTOTYPES = YES;
				CLANG_WARN_SUSPICIOUS_MOVE = YES;
				CLANG_WARN_UNGUARDED_AVAILABILITY = YES_AGGRESSIVE;
				CLANG_WARN_UNREACHABLE_CODE = YES;
				CLANG_WARN__DUPLICATE_METHOD_MATCH = YES;
				COPY_PHASE_STRIP = NO;
				DEBUG_INFORMATION_FORMAT = "dwarf-with-dsym";
				ENABLE_NS_ASSERTIONS = NO;
				ENABLE_STRICT_OBJC_MSGSEND = YES;
				GCC_C_LANGUAGE_STANDARD = gnu11;
				GCC_NO_COMMON_BLOCKS = YES;
				GCC_WARN_64_TO_32_BIT_CONVERSION = YES;
				GCC_WARN_ABOUT_RETURN_TYPE = YES_ERROR;
				GCC_WARN_UNDECLARED_SELECTOR = YES;
				GCC_WARN_UNINITIALIZED_AUTOS = YES_AGGRESSIVE;
				GCC_WARN_UNUSED_FUNCTION = YES;
				GCC_WARN_UNUSED_VARIABLE = YES;
				IPHONEOS_DEPLOYMENT_TARGET = 16.0;
				MTL_ENABLE_DEBUG_INFO = NO;
				MTL_FAST_MATH = YES;
				SDKROOT = iphoneos;
				SWIFT_COMPILATION_MODE = wholemodule;
				SWIFT_OPTIMIZATION_LEVEL = "-O";
				VALIDATE_PRODUCT = YES;
			};
			name = Release;
		};
		0CD089532A3CC0BE0089A977 /* Debug */ = {
			isa = XCBuildConfiguration;
			buildSettings = {
				ASSETCATALOG_COMPILER_APPICON_NAME = AppIcon;
				ASSETCATALOG_COMPILER_GLOBAL_ACCENT_COLOR_NAME = AccentColor;
				CODE_SIGN_STYLE = Automatic;
				CURRENT_PROJECT_VERSION = 1;
				DEVELOPMENT_TEAM = R8Q87S4Z8T;
				GENERATE_INFOPLIST_FILE = YES;
				INFOPLIST_FILE = LandmarkBook/Info.plist;
				INFOPLIST_KEY_UIApplicationSupportsIndirectInputEvents = YES;
				INFOPLIST_KEY_UILaunchStoryboardName = LaunchScreen;
				INFOPLIST_KEY_UIMainStoryboardFile = Main;
				INFOPLIST_KEY_UISupportedInterfaceOrientations_iPad = "UIInterfaceOrientationPortrait UIInterfaceOrientationPortraitUpsideDown UIInterfaceOrientationLandscapeLeft UIInterfaceOrientationLandscapeRight";
				INFOPLIST_KEY_UISupportedInterfaceOrientations_iPhone = "UIInterfaceOrientationPortrait UIInterfaceOrientationLandscapeLeft UIInterfaceOrientationLandscapeRight";
				LD_RUNPATH_SEARCH_PATHS = (
					"$(inherited)",
					"@executable_path/Frameworks",
				);
				MARKETING_VERSION = 1.0;
				PRODUCT_BUNDLE_IDENTIFIER = com.baristemiz.LandmarkBook;
				PRODUCT_NAME = "$(TARGET_NAME)";
				SWIFT_EMIT_LOC_STRINGS = YES;
				SWIFT_VERSION = 5.0;
				TARGETED_DEVICE_FAMILY = "1,2";
			};
			name = Debug;
		};
		0CD089542A3CC0BE0089A977 /* Release */ = {
			isa = XCBuildConfiguration;
			buildSettings = {
				ASSETCATALOG_COMPILER_APPICON_NAME = AppIcon;
				ASSETCATALOG_COMPILER_GLOBAL_ACCENT_COLOR_NAME = AccentColor;
				CODE_SIGN_STYLE = Automatic;
				CURRENT_PROJECT_VERSION = 1;
				DEVELOPMENT_TEAM = R8Q87S4Z8T;
				GENERATE_INFOPLIST_FILE = YES;
				INFOPLIST_FILE = LandmarkBook/Info.plist;
				INFOPLIST_KEY_UIApplicationSupportsIndirectInputEvents = YES;
				INFOPLIST_KEY_UILaunchStoryboardName = LaunchScreen;
				INFOPLIST_KEY_UIMainStoryboardFile = Main;
				INFOPLIST_KEY_UISupportedInterfaceOrientations_iPad = "UIInterfaceOrientationPortrait UIInterfaceOrientationPortraitUpsideDown UIInterfaceOrientationLandscapeLeft UIInterfaceOrientationLandscapeRight";
				INFOPLIST_KEY_UISupportedInterfaceOrientations_iPhone = "UIInterfaceOrientationPortrait UIInterfaceOrientationLandscapeLeft UIInterfaceOrientationLandscapeRight";
				LD_RUNPATH_SEARCH_PATHS = (
					"$(inherited)",
					"@executable_path/Frameworks",
				);
				MARKETING_VERSION = 1.0;
				PRODUCT_BUNDLE_IDENTIFIER = com.baristemiz.LandmarkBook;
				PRODUCT_NAME = "$(TARGET_NAME)";
				SWIFT_EMIT_LOC_STRINGS = YES;
				SWIFT_VERSION = 5.0;
				TARGETED_DEVICE_FAMILY = "1,2";
			};
			name = Release;
		};
/* End XCBuildConfiguration section */

/* Begin XCConfigurationList section */
		0CD089392A3CC0BC0089A977 /* Build configuration list for PBXProject "LandmarkBook" */ = {
			isa = XCConfigurationList;
			buildConfigurations = (
				0CD089502A3CC0BE0089A977 /* Debug */,
				0CD089512A3CC0BE0089A977 /* Release */,
			);
			defaultConfigurationIsVisible = 0;
			defaultConfigurationName = Release;
		};
		0CD089522A3CC0BE0089A977 /* Build configuration list for PBXNativeTarget "LandmarkBook" */ = {
			isa = XCConfigurationList;
			buildConfigurations = (
				0CD089532A3CC0BE0089A977 /* Debug */,
				0CD089542A3CC0BE0089A977 /* Release */,
			);
			defaultConfigurationIsVisible = 0;
			defaultConfigurationName = Release;
		};
/* End XCConfigurationList section */
	};
	rootObject = 0CD089362A3CC0BC0089A977 /* Project object */;
}
